
Microsoft Visual Studio Solution File, Format Version 12.00
# Visual Studio 15
VisualStudioVersion = 15.0.27130.2010
MinimumVisualStudioVersion = 10.0.40219.1
Project("{FAE04EC0-301F-11D3-BF4B-00C04F79EFBC}") = "WindowClient", "WindowClient\WindowClient.csproj", "{5B60955A-639A-4E37-A3DB-C8D76D21940D}"
EndProject
Global
	GlobalSection(SolutionConfigurationPlatforms) = preSolution
		Debug|Any CPU = Debug|Any CPU
		Debug|x86 = Debug|x86
		Release|Any CPU = Release|Any CPU
		Release|x86 = Release|x86
	EndGlobalSection
	GlobalSection(ProjectConfigurationPlatforms) = postSolution
		{5B60955A-639A-4E37-A3DB-C8D76D21940D}.Debug|Any CPU.ActiveCfg = Debug|Any CPU
		{5B60955A-639A-4E37-A3DB-C8D76D21940D}.Debug|Any CPU.Build.0 = Debug|Any CPU
		{5B60955A-639A-4E37-A3DB-C8D76D21940D}.Debug|x86.ActiveCfg = Debug|Any CPU
		{5B60955A-639A-4E37-A3DB-C8D76D21940D}.Debug|x86.Build.0 = Debug|Any CPU
		{5B60955A-639A-4E37-A3DB-C8D76D21940D}.Release|Any CPU.ActiveCfg = Release|Any CPU
		{5B60955A-639A-4E37-A3DB-C8D76D21940D}.Release|Any CPU.Build.0 = Release|Any CPU
		{5B60955A-639A-4E37-A3DB-C8D76D21940D}.Release|x86.ActiveCfg = Release|Any CPU
		{5B60955A-639A-4E37-A3DB-C8D76D21940D}.Release|x86.Build.0 = Release|Any CPU
	EndGlobalSection
	GlobalSection(SolutionProperties) = preSolution
		HideSolutionNode = FALSE
	EndGlobalSection
	GlobalSection(ExtensibilityGlobals) = postSolution
		SolutionGuid = {D87F096E-3ABF-46EB-9421-F7566A011FCD}
	EndGlobalSection
EndGlobal
